
Microsoft Visual Studio Solution File, Format Version 12.00
# Visual Studio Version 17
VisualStudioVersion = 17.14.36518.9 d17.14
MinimumVisualStudioVersion = 10.0.40219.1
Project("{FAE04EC0-301F-11D3-BF4B-00C04F79EFBC}") = "ЛАБА 3", "ЛАБА 3\ЛАБА 3.csproj", "{AD63F740-1A19-4491-94E1-2EB1136AFA60}"
EndProject
Global
	GlobalSection(SolutionConfigurationPlatforms) = preSolution
		Debug|Any CPU = Debug|Any CPU
		Release|Any CPU = Release|Any CPU
	EndGlobalSection
	GlobalSection(ProjectConfigurationPlatforms) = postSolution
		{AD63F740-1A19-4491-94E1-2EB1136AFA60}.Debug|Any CPU.ActiveCfg = Debug|Any CPU
		{AD63F740-1A19-4491-94E1-2EB1136AFA60}.Debug|Any CPU.Build.0 = Debug|Any CPU
		{AD63F740-1A19-4491-94E1-2EB1136AFA60}.Release|Any CPU.ActiveCfg = Release|Any CPU
		{AD63F740-1A19-4491-94E1-2EB1136AFA60}.Release|Any CPU.Build.0 = Release|Any CPU
	EndGlobalSection
	GlobalSection(SolutionProperties) = preSolution
		HideSolutionNode = FALSE
	EndGlobalSection
	GlobalSection(ExtensibilityGlobals) = postSolution
		SolutionGuid = {5B3A3C6D-B374-4A64-9691-F6FCFD080776}
	EndGlobalSection
EndGlobal
